
Microsoft Visual Studio Solution File, Format Version 12.00
# Visual Studio Version 17
VisualStudioVersion = 17.0.31903.59
MinimumVisualStudioVersion = 10.0.40219.1
Project("{9A19103F-16F7-4668-BE54-9A1E7A4F7556}") = "Storage.Migration.AzCopy", "src\Storage.Migration.AzCopy\Storage.Migration.AzCopy.csproj", "{03EEBC67-305F-4D4D-99AF-6797135F2C72}"
EndProject
Project("{9A19103F-16F7-4668-BE54-9A1E7A4F7556}") = "Storage.Migration.Service", "src\Storage.Migration.Service\Storage.Migration.Service.csproj", "{B111A713-C5B3-4DAE-8F6E-D85755B89BE6}"
EndProject
Global
	GlobalSection(SolutionConfigurationPlatforms) = preSolution
		Debug|Any CPU = Debug|Any CPU
		Release|Any CPU = Release|Any CPU
	EndGlobalSection
	GlobalSection(ProjectConfigurationPlatforms) = postSolution
		{03EEBC67-305F-4D4D-99AF-6797135F2C72}.Debug|Any CPU.ActiveCfg = Debug|Any CPU
		{03EEBC67-305F-4D4D-99AF-6797135F2C72}.Debug|Any CPU.Build.0 = Debug|Any CPU
		{03EEBC67-305F-4D4D-99AF-6797135F2C72}.Release|Any CPU.ActiveCfg = Release|Any CPU
		{03EEBC67-305F-4D4D-99AF-6797135F2C72}.Release|Any CPU.Build.0 = Release|Any CPU
		{B111A713-C5B3-4DAE-8F6E-D85755B89BE6}.Debug|Any CPU.ActiveCfg = Debug|Any CPU
		{B111A713-C5B3-4DAE-8F6E-D85755B89BE6}.Debug|Any CPU.Build.0 = Debug|Any CPU
		{B111A713-C5B3-4DAE-8F6E-D85755B89BE6}.Release|Any CPU.ActiveCfg = Release|Any CPU
		{B111A713-C5B3-4DAE-8F6E-D85755B89BE6}.Release|Any CPU.Build.0 = Release|Any CPU
	EndGlobalSection
	GlobalSection(SolutionProperties) = preSolution
		HideSolutionNode = FALSE
	EndGlobalSection
	GlobalSection(ExtensibilityGlobals) = postSolution
		SolutionGuid = {FE2B47D9-2E37-4A07-8621-967356573CDE}
	EndGlobalSection
EndGlobal
